
Microsoft Visual Studio Solution File, Format Version 12.00
# Visual Studio Version 16
VisualStudioVersion = 16.0.29709.97
MinimumVisualStudioVersion = 10.0.40219.1
Project("{9A19103F-16F7-4668-BE54-9A1E7A4F7556}") = "MochaDB", "MochaDB\MochaDB.csproj", "{1EEBFFBA-F1CA-49D0-94F5-29B19A1AC6F5}"
EndProject
Project("{2150E333-8FDC-42A3-9474-1A3956D46DE8}") = "Solution Items", "Solution Items", "{6403088D-BB9E-4D8C-8C70-E599F4DD5B1F}"
	ProjectSection(SolutionItems) = preProject
		.gitattributes = .gitattributes
		.gitignore = .gitignore
		.travis.yml = .travis.yml
		LICENSE = LICENSE
		README.md = README.md
	EndProjectSection
EndProject
Project("{2150E333-8FDC-42A3-9474-1A3956D46DE8}") = ".github", ".github", "{5084388D-962A-4461-8B5C-175446A2CBEE}"
EndProject
Project("{2150E333-8FDC-42A3-9474-1A3956D46DE8}") = "workflows", "workflows", "{3C47CF88-E6CB-42A4-A903-15FF3E7836B3}"
	ProjectSection(SolutionItems) = preProject
		.github\workflows\dotnetcore.yml = .github\workflows\dotnetcore.yml
	EndProjectSection
EndProject
Project("{2150E333-8FDC-42A3-9474-1A3956D46DE8}") = "ISSUE_TEMPLATE", "ISSUE_TEMPLATE", "{F47449D2-7577-4B2D-8482-232639DCE51D}"
	ProjectSection(SolutionItems) = preProject
		.github\ISSUE_TEMPLATE\bug_report.md = .github\ISSUE_TEMPLATE\bug_report.md
		.github\ISSUE_TEMPLATE\feature_request.md = .github\ISSUE_TEMPLATE\feature_request.md
	EndProjectSection
EndProject
Global
	GlobalSection(SolutionConfigurationPlatforms) = preSolution
		Debug|Any CPU = Debug|Any CPU
		Release|Any CPU = Release|Any CPU
	EndGlobalSection
	GlobalSection(ProjectConfigurationPlatforms) = postSolution
		{1EEBFFBA-F1CA-49D0-94F5-29B19A1AC6F5}.Debug|Any CPU.ActiveCfg = Debug|Any CPU
		{1EEBFFBA-F1CA-49D0-94F5-29B19A1AC6F5}.Debug|Any CPU.Build.0 = Debug|Any CPU
		{1EEBFFBA-F1CA-49D0-94F5-29B19A1AC6F5}.Release|Any CPU.ActiveCfg = Release|Any CPU
		{1EEBFFBA-F1CA-49D0-94F5-29B19A1AC6F5}.Release|Any CPU.Build.0 = Release|Any CPU
	EndGlobalSection
	GlobalSection(SolutionProperties) = preSolution
		HideSolutionNode = FALSE
	EndGlobalSection
	GlobalSection(NestedProjects) = preSolution
		{3C47CF88-E6CB-42A4-A903-15FF3E7836B3} = {5084388D-962A-4461-8B5C-175446A2CBEE}
		{F47449D2-7577-4B2D-8482-232639DCE51D} = {5084388D-962A-4461-8B5C-175446A2CBEE}
	EndGlobalSection
	GlobalSection(ExtensibilityGlobals) = postSolution
		SolutionGuid = {F6B5D8E7-6684-4991-815B-8D03C7CF2600}
	EndGlobalSection
EndGlobal
