
Microsoft Visual Studio Solution File, Format Version 12.00
# Visual Studio Version 16
VisualStudioVersion = 16.0.29709.97
MinimumVisualStudioVersion = 10.0.40219.1
Project("{9A19103F-16F7-4668-BE54-9A1E7A4F7556}") = "MochaDB", "src\MochaDB.csproj", "{1EEBFFBA-F1CA-49D0-94F5-29B19A1AC6F5}"
EndProject
Project("{2150E333-8FDC-42A3-9474-1A3956D46DE8}") = ".github", ".github", "{5084388D-962A-4461-8B5C-175446A2CBEE}"
EndProject
Project("{2150E333-8FDC-42A3-9474-1A3956D46DE8}") = "workflows", "workflows", "{3C47CF88-E6CB-42A4-A903-15FF3E7836B3}"
	ProjectSection(SolutionItems) = preProject
		.github\workflows\fsharptest.yml = .github\workflows\fsharptest.yml
		.github\workflows\mochadb.yml = .github\workflows\mochadb.yml
	EndProjectSection
EndProject
Project("{2150E333-8FDC-42A3-9474-1A3956D46DE8}") = "ISSUE_TEMPLATE", "ISSUE_TEMPLATE", "{F47449D2-7577-4B2D-8482-232639DCE51D}"
	ProjectSection(SolutionItems) = preProject
		.github\ISSUE_TEMPLATE\bug_report.md = .github\ISSUE_TEMPLATE\bug_report.md
		.github\ISSUE_TEMPLATE\feature_request.md = .github\ISSUE_TEMPLATE\feature_request.md
	EndProjectSection
EndProject
Project("{2150E333-8FDC-42A3-9474-1A3956D46DE8}") = "docs", "docs", "{C1D92442-FEE4-41A0-B375-ECEC11BA750A}"
EndProject
Project("{2150E333-8FDC-42A3-9474-1A3956D46DE8}") = "resources", "resources", "{A0662273-0273-4D70-BE6B-7DE1EF5AE41A}"
	ProjectSection(SolutionItems) = preProject
		docs\resources\MochaDB_Logo.ico = docs\resources\MochaDB_Logo.ico
		docs\Resources\MochaDB_Logo.png = docs\Resources\MochaDB_Logo.png
		docs\Resources\MochaDB_Texted.png = docs\Resources\MochaDB_Texted.png
		docs\Resources\MochaDB_Texted.psd = docs\Resources\MochaDB_Texted.psd
	EndProjectSection
EndProject
Project("{2150E333-8FDC-42A3-9474-1A3956D46DE8}") = "src", "src", "{A3AA8059-4CBE-44A1-8792-EDCB236D7361}"
EndProject
Project("{2150E333-8FDC-42A3-9474-1A3956D46DE8}") = ".bin", ".bin", "{06A59BC1-99C3-43FF-A15C-38284C130AF6}"
	ProjectSection(SolutionItems) = preProject
		.gitattributes = .gitattributes
		.gitignore = .gitignore
		.travis.yml = .travis.yml
		LICENSE = LICENSE
		README.md = README.md
	EndProjectSection
EndProject
Project("{2150E333-8FDC-42A3-9474-1A3956D46DE8}") = "packages", "packages", "{62116A0C-4ADB-4D6F-9A70-A75B7E70469F}"
	ProjectSection(SolutionItems) = preProject
		docs\packages\documentation.md = docs\packages\documentation.md
	EndProjectSection
EndProject
Project("{2150E333-8FDC-42A3-9474-1A3956D46DE8}") = "fsharptest", "fsharptest", "{822876C1-D58A-4513-BA76-846D0FE5BC93}"
EndProject
Project("{6EC3EE1D-3C4E-46DD-8F32-0CC8E7565705}") = "fsharptest", "fsharptest\fsharptest.fsproj", "{1AA9084E-DE6E-41E1-89C9-7CE24B8464F2}"
EndProject
Project("{2150E333-8FDC-42A3-9474-1A3956D46DE8}") = "testdocs", "testdocs", "{E91656EB-BAEE-4557-93D2-3B2D58367A95}"
	ProjectSection(SolutionItems) = preProject
		testdocs\testdb.mochadb = testdocs\testdb.mochadb
		testdocs\testscript.mochascript = testdocs\testscript.mochascript
	EndProjectSection
EndProject
Project("{2150E333-8FDC-42A3-9474-1A3956D46DE8}") = "mhql", "mhql", "{A5444339-5E9E-40D2-B6F7-C63A74E915CB}"
	ProjectSection(SolutionItems) = preProject
		mhql\and.cs = mhql\and.cs
		mhql\as.cs = mhql\as.cs
		mhql\groupby.cs = mhql\groupby.cs
		mhql\IMhqlKeyword.cs = mhql\IMhqlKeyword.cs
		mhql\MhqlKeyword.cs = mhql\MhqlKeyword.cs
		mhql\must.cs = mhql\must.cs
		mhql\orderby.cs = mhql\orderby.cs
		mhql\return.cs = mhql\return.cs
		mhql\use.cs = mhql\use.cs
	EndProjectSection
EndProject
Project("{2150E333-8FDC-42A3-9474-1A3956D46DE8}") = "engine", "engine", "{A74FA287-C416-43F8-A401-B3A598C27655}"
	ProjectSection(SolutionItems) = preProject
		mhql\engine\editor.cs = mhql\engine\editor.cs
		mhql\engine\must.cs = mhql\engine\must.cs
	EndProjectSection
EndProject
Project("{2150E333-8FDC-42A3-9474-1A3956D46DE8}") = "must", "must", "{0974BB66-5011-48C3-8A56-AA67A8CD2127}"
	ProjectSection(SolutionItems) = preProject
		mhql\must\regex.cs = mhql\must\regex.cs
	EndProjectSection
EndProject
Project("{2150E333-8FDC-42A3-9474-1A3956D46DE8}") = "vbnetmhql", "vbnetmhql", "{4F4FE20E-5295-48C1-A3C2-3B925800832E}"
EndProject
Project("{F184B08F-C81C-45F6-A57F-5ABD9991F28F}") = "vbnetmhql", "vbnetmhql\vbnetmhql.vbproj", "{118E0215-C298-4E8C-AAF7-4AA9452E8FA3}"
EndProject
Global
	GlobalSection(SolutionConfigurationPlatforms) = preSolution
		Debug|Any CPU = Debug|Any CPU
		Release|Any CPU = Release|Any CPU
	EndGlobalSection
	GlobalSection(ProjectConfigurationPlatforms) = postSolution
		{1EEBFFBA-F1CA-49D0-94F5-29B19A1AC6F5}.Debug|Any CPU.ActiveCfg = Debug|Any CPU
		{1EEBFFBA-F1CA-49D0-94F5-29B19A1AC6F5}.Debug|Any CPU.Build.0 = Debug|Any CPU
		{1EEBFFBA-F1CA-49D0-94F5-29B19A1AC6F5}.Release|Any CPU.ActiveCfg = Release|Any CPU
		{1EEBFFBA-F1CA-49D0-94F5-29B19A1AC6F5}.Release|Any CPU.Build.0 = Release|Any CPU
		{1AA9084E-DE6E-41E1-89C9-7CE24B8464F2}.Debug|Any CPU.ActiveCfg = Debug|Any CPU
		{1AA9084E-DE6E-41E1-89C9-7CE24B8464F2}.Debug|Any CPU.Build.0 = Debug|Any CPU
		{1AA9084E-DE6E-41E1-89C9-7CE24B8464F2}.Release|Any CPU.ActiveCfg = Release|Any CPU
		{1AA9084E-DE6E-41E1-89C9-7CE24B8464F2}.Release|Any CPU.Build.0 = Release|Any CPU
		{118E0215-C298-4E8C-AAF7-4AA9452E8FA3}.Debug|Any CPU.ActiveCfg = Debug|Any CPU
		{118E0215-C298-4E8C-AAF7-4AA9452E8FA3}.Debug|Any CPU.Build.0 = Debug|Any CPU
		{118E0215-C298-4E8C-AAF7-4AA9452E8FA3}.Release|Any CPU.ActiveCfg = Release|Any CPU
		{118E0215-C298-4E8C-AAF7-4AA9452E8FA3}.Release|Any CPU.Build.0 = Release|Any CPU
	EndGlobalSection
	GlobalSection(SolutionProperties) = preSolution
		HideSolutionNode = FALSE
	EndGlobalSection
	GlobalSection(NestedProjects) = preSolution
		{1EEBFFBA-F1CA-49D0-94F5-29B19A1AC6F5} = {A3AA8059-4CBE-44A1-8792-EDCB236D7361}
		{3C47CF88-E6CB-42A4-A903-15FF3E7836B3} = {5084388D-962A-4461-8B5C-175446A2CBEE}
		{F47449D2-7577-4B2D-8482-232639DCE51D} = {5084388D-962A-4461-8B5C-175446A2CBEE}
		{A0662273-0273-4D70-BE6B-7DE1EF5AE41A} = {C1D92442-FEE4-41A0-B375-ECEC11BA750A}
		{62116A0C-4ADB-4D6F-9A70-A75B7E70469F} = {C1D92442-FEE4-41A0-B375-ECEC11BA750A}
		{1AA9084E-DE6E-41E1-89C9-7CE24B8464F2} = {822876C1-D58A-4513-BA76-846D0FE5BC93}
		{A74FA287-C416-43F8-A401-B3A598C27655} = {A5444339-5E9E-40D2-B6F7-C63A74E915CB}
		{0974BB66-5011-48C3-8A56-AA67A8CD2127} = {A5444339-5E9E-40D2-B6F7-C63A74E915CB}
		{118E0215-C298-4E8C-AAF7-4AA9452E8FA3} = {4F4FE20E-5295-48C1-A3C2-3B925800832E}
	EndGlobalSection
	GlobalSection(ExtensibilityGlobals) = postSolution
		SolutionGuid = {F6B5D8E7-6684-4991-815B-8D03C7CF2600}
	EndGlobalSection
EndGlobal
