
Microsoft Visual Studio Solution File, Format Version 12.00
# Visual Studio Version 16
VisualStudioVersion = 16.0.29709.97
MinimumVisualStudioVersion = 10.0.40219.1
Project("{9A19103F-16F7-4668-BE54-9A1E7A4F7556}") = "MochaDB", "src\MochaDB.csproj", "{1EEBFFBA-F1CA-49D0-94F5-29B19A1AC6F5}"
EndProject
Project("{2150E333-8FDC-42A3-9474-1A3956D46DE8}") = ".github", ".github", "{5084388D-962A-4461-8B5C-175446A2CBEE}"
EndProject
Project("{2150E333-8FDC-42A3-9474-1A3956D46DE8}") = "workflows", "workflows", "{3C47CF88-E6CB-42A4-A903-15FF3E7836B3}"
	ProjectSection(SolutionItems) = preProject
		.github\workflows\fsharptest.yml = .github\workflows\fsharptest.yml
		.github\workflows\mochadb.yml = .github\workflows\mochadb.yml
		.github\workflows\terminal.yml = .github\workflows\terminal.yml
	EndProjectSection
EndProject
Project("{2150E333-8FDC-42A3-9474-1A3956D46DE8}") = "ISSUE_TEMPLATE", "ISSUE_TEMPLATE", "{F47449D2-7577-4B2D-8482-232639DCE51D}"
	ProjectSection(SolutionItems) = preProject
		.github\ISSUE_TEMPLATE\bug_report.md = .github\ISSUE_TEMPLATE\bug_report.md
		.github\ISSUE_TEMPLATE\feature_request.md = .github\ISSUE_TEMPLATE\feature_request.md
	EndProjectSection
EndProject
Project("{2150E333-8FDC-42A3-9474-1A3956D46DE8}") = "src", "src", "{A3AA8059-4CBE-44A1-8792-EDCB236D7361}"
EndProject
Project("{6EC3EE1D-3C4E-46DD-8F32-0CC8E7565705}") = "fsharptest", "fsharptest\fsharptest.fsproj", "{1AA9084E-DE6E-41E1-89C9-7CE24B8464F2}"
EndProject
Project("{2150E333-8FDC-42A3-9474-1A3956D46DE8}") = "mhql", "mhql", "{A5444339-5E9E-40D2-B6F7-C63A74E915CB}"
	ProjectSection(SolutionItems) = preProject
		mhql\@.cs = mhql\@.cs
		mhql\grammar.cs = mhql\grammar.cs
		mhql\lexer.cs = mhql\lexer.cs
	EndProjectSection
EndProject
Project("{2150E333-8FDC-42A3-9474-1A3956D46DE8}") = "engine", "engine", "{A74FA287-C416-43F8-A401-B3A598C27655}"
	ProjectSection(SolutionItems) = preProject
		mhql\engine\condition.cs = mhql\engine\condition.cs
		mhql\engine\condition_lexer.cs = mhql\engine\condition_lexer.cs
		mhql\engine\editor.cs = mhql\engine\editor.cs
		mhql\engine\must.cs = mhql\engine\must.cs
		mhql\engine\orderbycomparer.cs = mhql\engine\orderbycomparer.cs
	EndProjectSection
EndProject
Project("{2150E333-8FDC-42A3-9474-1A3956D46DE8}") = "must", "must", "{0974BB66-5011-48C3-8A56-AA67A8CD2127}"
	ProjectSection(SolutionItems) = preProject
		mhql\must\regex.cs = mhql\must\regex.cs
	EndProjectSection
EndProject
Project("{F184B08F-C81C-45F6-A57F-5ABD9991F28F}") = "vbnetmhql", "vbnetmhql\vbnetmhql.vbproj", "{118E0215-C298-4E8C-AAF7-4AA9452E8FA3}"
EndProject
Project("{F2A71F9B-5D33-465A-A702-920D77279786}") = "fsharpmhql", "fsharpmhql\fsharpmhql.fsproj", "{F19A9F6D-5CE4-446C-9A70-6094A0056241}"
EndProject
Project("{2150E333-8FDC-42A3-9474-1A3956D46DE8}") = "engine", "engine", "{AC2E4792-5216-44C2-AB5B-E15DFD534A88}"
	ProjectSection(SolutionItems) = preProject
		engine\lexer.cs = engine\lexer.cs
		engine\names.cs = engine\names.cs
		engine\structure.cs = engine\structure.cs
		engine\values.cs = engine\values.cs
	EndProjectSection
EndProject
Project("{2150E333-8FDC-42A3-9474-1A3956D46DE8}") = "value", "value", "{F79D4D0A-1D29-46C0-B469-673FF6AEFDE8}"
	ProjectSection(SolutionItems) = preProject
		mhql\engine\value\char.cs = mhql\engine\value\char.cs
		mhql\engine\value\lexer.cs = mhql\engine\value\lexer.cs
		mhql\engine\value\string.cs = mhql\engine\value\string.cs
	EndProjectSection
EndProject
Project("{2150E333-8FDC-42A3-9474-1A3956D46DE8}") = "framework", "framework", "{7659F6D6-E07B-47C1-9332-B7C564CE2300}"
	ProjectSection(SolutionItems) = preProject
		framework\aes.cs = framework\aes.cs
		framework\dictionary.cs = framework\dictionary.cs
		framework\xml.cs = framework\xml.cs
	EndProjectSection
EndProject
Project("{2150E333-8FDC-42A3-9474-1A3956D46DE8}") = "res", "res", "{9C28C183-67AC-403D-935D-DD8B02C7EC56}"
	ProjectSection(SolutionItems) = preProject
		res\MochaDB_Logo.ico = res\MochaDB_Logo.ico
		res\MochaDB_Logo.png = res\MochaDB_Logo.png
		res\MochaDB_Texted.ico = res\MochaDB_Texted.ico
		res\MochaDB_Texted.png = res\MochaDB_Texted.png
		res\MochaDB_Texted.psd = res\MochaDB_Texted.psd
	EndProjectSection
EndProject
Project("{2150E333-8FDC-42A3-9474-1A3956D46DE8}") = "nuget", "nuget", "{86DB3C19-063F-460A-B4D6-4165452F6429}"
	ProjectSection(SolutionItems) = preProject
		nuget\documentation.md = nuget\documentation.md
	EndProjectSection
EndProject
Project("{2150E333-8FDC-42A3-9474-1A3956D46DE8}") = "tests", "tests", "{B0B73D5E-AEDA-4F58-B749-8B90A378273B}"
	ProjectSection(SolutionItems) = preProject
		tests\testdb.mhdb = tests\testdb.mhdb
	EndProjectSection
EndProject
Project("{2150E333-8FDC-42A3-9474-1A3956D46DE8}") = "solution", "solution", "{B53F1AD2-35F1-4A8D-A3F3-3EB19189FBF8}"
	ProjectSection(SolutionItems) = preProject
		.editorconfig = .editorconfig
		.gitattributes = .gitattributes
		.gitignore = .gitignore
		.travis.yml = .travis.yml
		azure-pipelines.yml = azure-pipelines.yml
		CHANGELOG.md = CHANGELOG.md
		Compile_fsharpmhql.bat = Compile_fsharpmhql.bat
		Compile_fsharpmhql.ps1 = Compile_fsharpmhql.ps1
		Compile_fsharpmhql.sh = Compile_fsharpmhql.sh
		Compile_fsharptest.bat = Compile_fsharptest.bat
		Compile_fsharptest.ps1 = Compile_fsharptest.ps1
		Compile_fsharptest.sh = Compile_fsharptest.sh
		Compile_MochaDB.bat = Compile_MochaDB.bat
		Compile_MochaDB.ps1 = Compile_MochaDB.ps1
		Compile_MochaDB.sh = Compile_MochaDB.sh
		Compile_Solution.bat = Compile_Solution.bat
		Compile_Solution.ps1 = Compile_Solution.ps1
		Compile_Solution.sh = Compile_Solution.sh
		Compile_terminal.bat = Compile_terminal.bat
		Compile_terminal.ps1 = Compile_terminal.ps1
		Compile_vbnetmhql.bat = Compile_vbnetmhql.bat
		Compile_vbnetmhql.ps1 = Compile_vbnetmhql.ps1
		Compile_vbnetmhql.sh = Compile_vbnetmhql.sh
		Exec_All.bat = Exec_All.bat
		Exec_All.ps1 = Exec_All.ps1
		Exec_All.sh = Exec_All.sh
		LICENSE = LICENSE
		Make.bat = Make.bat
		Make.ps1 = Make.ps1
		Make.sh = Make.sh
		Makefile = Makefile
		README.md = README.md
		TERMINAL_CHANGELOG.md = TERMINAL_CHANGELOG.md
	EndProjectSection
EndProject
Project("{2150E333-8FDC-42A3-9474-1A3956D46DE8}") = "docs", "docs", "{8409E719-6CB2-4F40-96D7-3C3E39F72E7B}"
EndProject
Project("{2150E333-8FDC-42A3-9474-1A3956D46DE8}") = "functions", "functions", "{C6862802-12F4-446E-B026-BF8518B8D131}"
	ProjectSection(SolutionItems) = preProject
		mhql\must\functions\between.cs = mhql\must\functions\between.cs
		mhql\must\functions\bigger.cs = mhql\must\functions\bigger.cs
		mhql\must\functions\contains.cs = mhql\must\functions\contains.cs
		mhql\must\functions\endw.cs = mhql\must\functions\endw.cs
		mhql\must\functions\equal.cs = mhql\must\functions\equal.cs
		mhql\must\functions\lower.cs = mhql\must\functions\lower.cs
		mhql\must\functions\notcontains.cs = mhql\must\functions\notcontains.cs
		mhql\must\functions\notendw.cs = mhql\must\functions\notendw.cs
		mhql\must\functions\notequal.cs = mhql\must\functions\notequal.cs
		mhql\must\functions\notstartw.cs = mhql\must\functions\notstartw.cs
		mhql\must\functions\startw.cs = mhql\must\functions\startw.cs
	EndProjectSection
EndProject
Project("{2150E333-8FDC-42A3-9474-1A3956D46DE8}") = "keywords", "keywords", "{1EE17690-39CD-4098-A017-126AD9BD7C2D}"
	ProjectSection(SolutionItems) = preProject
		mhql\keywords\addrow.cs = mhql\keywords\addrow.cs
		mhql\keywords\and.cs = mhql\keywords\and.cs
		mhql\keywords\as.cs = mhql\keywords\as.cs
		mhql\keywords\corderby.cs = mhql\keywords\corderby.cs
		mhql\keywords\delcol.cs = mhql\keywords\delcol.cs
		mhql\keywords\delrow.cs = mhql\keywords\delrow.cs
		mhql\keywords\from.cs = mhql\keywords\from.cs
		mhql\keywords\groupby.cs = mhql\keywords\groupby.cs
		mhql\keywords\IMhqlKeyword.cs = mhql\keywords\IMhqlKeyword.cs
		mhql\keywords\in.cs = mhql\keywords\in.cs
		mhql\keywords\ineq.cs = mhql\keywords\ineq.cs
		mhql\keywords\MhqlKeyword.cs = mhql\keywords\MhqlKeyword.cs
		mhql\keywords\must.cs = mhql\keywords\must.cs
		mhql\keywords\orderby.cs = mhql\keywords\orderby.cs
		mhql\keywords\remove.cs = mhql\keywords\remove.cs
		mhql\keywords\select.cs = mhql\keywords\select.cs
		mhql\keywords\subcol.cs = mhql\keywords\subcol.cs
		mhql\keywords\subrow.cs = mhql\keywords\subrow.cs
		mhql\keywords\use.cs = mhql\keywords\use.cs
	EndProjectSection
EndProject
Project("{2150E333-8FDC-42A3-9474-1A3956D46DE8}") = "connection and management", "connection and management", "{75B5DD0B-6431-4BDA-BF24-DBFE614482C8}"
	ProjectSection(SolutionItems) = preProject
		docs\database\connection and management\connection strings.md = docs\database\connection and management\connection strings.md
		docs\database\connection and management\MochaDatabase.md = docs\database\connection and management\MochaDatabase.md
		docs\database\connection and management\MochaProvider.md = docs\database\connection and management\MochaProvider.md
		docs\database\connection and management\MochaProviderAttribute.md = docs\database\connection and management\MochaProviderAttribute.md
	EndProjectSection
EndProject
Project("{2150E333-8FDC-42A3-9474-1A3956D46DE8}") = "data modeling", "data modeling", "{3F20A6FD-BBF3-4CD3-BE5A-5242AC9AEF96}"
	ProjectSection(SolutionItems) = preProject
		docs\database\data modeling\data types.md = docs\database\data modeling\data types.md
		docs\database\data modeling\MochaColumn.md = docs\database\data modeling\MochaColumn.md
		docs\database\data modeling\MochaData.md = docs\database\data modeling\MochaData.md
		docs\database\data modeling\MochaRow.md = docs\database\data modeling\MochaRow.md
		docs\database\data modeling\MochaTable.md = docs\database\data modeling\MochaTable.md
	EndProjectSection
EndProject
Project("{2150E333-8FDC-42A3-9474-1A3956D46DE8}") = "getting started", "getting started", "{1AD4270B-5D8D-4256-81B0-F153C96E609E}"
	ProjectSection(SolutionItems) = preProject
		docs\database\getting started\add reference for your project.md = docs\database\getting started\add reference for your project.md
		docs\database\getting started\nuget package installing.md = docs\database\getting started\nuget package installing.md
	EndProjectSection
EndProject
Project("{2150E333-8FDC-42A3-9474-1A3956D46DE8}") = "logging", "logging", "{41485C9F-A5C3-40F6-B1C3-46393D601B69}"
	ProjectSection(SolutionItems) = preProject
		docs\database\logging\how to restore from logs.md = docs\database\logging\how to restore from logs.md
		docs\database\logging\how to work log system.md = docs\database\logging\how to work log system.md
	EndProjectSection
EndProject
Project("{2150E333-8FDC-42A3-9474-1A3956D46DE8}") = "querying", "querying", "{3BCE460D-1430-47FF-AD97-4670C4289801}"
	ProjectSection(SolutionItems) = preProject
		docs\database\querying\linq.md = docs\database\querying\linq.md
		docs\database\querying\mhql.md = docs\database\querying\mhql.md
		docs\database\querying\MochaDbCommand.md = docs\database\querying\MochaDbCommand.md
		docs\database\querying\MochaQ.md = docs\database\querying\MochaQ.md
		docs\database\querying\MochaQuery.md = docs\database\querying\MochaQuery.md
	EndProjectSection
EndProject
Project("{2150E333-8FDC-42A3-9474-1A3956D46DE8}") = "rules", "rules", "{F5844D25-BB23-45BE-BB32-0EC22321D43F}"
	ProjectSection(SolutionItems) = preProject
		docs\database\rules\naming conventions.md = docs\database\rules\naming conventions.md
		docs\database\rules\value conventions.md = docs\database\rules\value conventions.md
	EndProjectSection
EndProject
Project("{6EC3EE1D-3C4E-46DD-8F32-0CC8E7565705}") = "terminal", "terminal\terminal.fsproj", "{E7421A8C-2965-4B8D-9275-7EF5ADB08353}"
EndProject
Project("{2150E333-8FDC-42A3-9474-1A3956D46DE8}") = "terminal", "terminal", "{5503263D-C07F-4030-A5E4-65EDBC3439D5}"
EndProject
Project("{2150E333-8FDC-42A3-9474-1A3956D46DE8}") = "database", "database", "{DBD72ED2-F491-41CA-8241-902F847D3804}"
EndProject
Global
	GlobalSection(SolutionConfigurationPlatforms) = preSolution
		Debug|Any CPU = Debug|Any CPU
		Release|Any CPU = Release|Any CPU
	EndGlobalSection
	GlobalSection(ProjectConfigurationPlatforms) = postSolution
		{1EEBFFBA-F1CA-49D0-94F5-29B19A1AC6F5}.Debug|Any CPU.ActiveCfg = Debug|Any CPU
		{1EEBFFBA-F1CA-49D0-94F5-29B19A1AC6F5}.Debug|Any CPU.Build.0 = Debug|Any CPU
		{1EEBFFBA-F1CA-49D0-94F5-29B19A1AC6F5}.Release|Any CPU.ActiveCfg = Release|Any CPU
		{1EEBFFBA-F1CA-49D0-94F5-29B19A1AC6F5}.Release|Any CPU.Build.0 = Release|Any CPU
		{1AA9084E-DE6E-41E1-89C9-7CE24B8464F2}.Debug|Any CPU.ActiveCfg = Debug|Any CPU
		{1AA9084E-DE6E-41E1-89C9-7CE24B8464F2}.Debug|Any CPU.Build.0 = Debug|Any CPU
		{1AA9084E-DE6E-41E1-89C9-7CE24B8464F2}.Release|Any CPU.ActiveCfg = Release|Any CPU
		{1AA9084E-DE6E-41E1-89C9-7CE24B8464F2}.Release|Any CPU.Build.0 = Release|Any CPU
		{118E0215-C298-4E8C-AAF7-4AA9452E8FA3}.Debug|Any CPU.ActiveCfg = Debug|Any CPU
		{118E0215-C298-4E8C-AAF7-4AA9452E8FA3}.Debug|Any CPU.Build.0 = Debug|Any CPU
		{118E0215-C298-4E8C-AAF7-4AA9452E8FA3}.Release|Any CPU.ActiveCfg = Release|Any CPU
		{118E0215-C298-4E8C-AAF7-4AA9452E8FA3}.Release|Any CPU.Build.0 = Release|Any CPU
		{F19A9F6D-5CE4-446C-9A70-6094A0056241}.Debug|Any CPU.ActiveCfg = Debug|Any CPU
		{F19A9F6D-5CE4-446C-9A70-6094A0056241}.Debug|Any CPU.Build.0 = Debug|Any CPU
		{F19A9F6D-5CE4-446C-9A70-6094A0056241}.Release|Any CPU.ActiveCfg = Release|Any CPU
		{F19A9F6D-5CE4-446C-9A70-6094A0056241}.Release|Any CPU.Build.0 = Release|Any CPU
		{E7421A8C-2965-4B8D-9275-7EF5ADB08353}.Debug|Any CPU.ActiveCfg = Debug|Any CPU
		{E7421A8C-2965-4B8D-9275-7EF5ADB08353}.Debug|Any CPU.Build.0 = Debug|Any CPU
		{E7421A8C-2965-4B8D-9275-7EF5ADB08353}.Release|Any CPU.ActiveCfg = Release|Any CPU
		{E7421A8C-2965-4B8D-9275-7EF5ADB08353}.Release|Any CPU.Build.0 = Release|Any CPU
	EndGlobalSection
	GlobalSection(SolutionProperties) = preSolution
		HideSolutionNode = FALSE
	EndGlobalSection
	GlobalSection(NestedProjects) = preSolution
		{1EEBFFBA-F1CA-49D0-94F5-29B19A1AC6F5} = {A3AA8059-4CBE-44A1-8792-EDCB236D7361}
		{3C47CF88-E6CB-42A4-A903-15FF3E7836B3} = {5084388D-962A-4461-8B5C-175446A2CBEE}
		{F47449D2-7577-4B2D-8482-232639DCE51D} = {5084388D-962A-4461-8B5C-175446A2CBEE}
		{A74FA287-C416-43F8-A401-B3A598C27655} = {A5444339-5E9E-40D2-B6F7-C63A74E915CB}
		{0974BB66-5011-48C3-8A56-AA67A8CD2127} = {A5444339-5E9E-40D2-B6F7-C63A74E915CB}
		{F79D4D0A-1D29-46C0-B469-673FF6AEFDE8} = {A74FA287-C416-43F8-A401-B3A598C27655}
		{C6862802-12F4-446E-B026-BF8518B8D131} = {0974BB66-5011-48C3-8A56-AA67A8CD2127}
		{1EE17690-39CD-4098-A017-126AD9BD7C2D} = {A5444339-5E9E-40D2-B6F7-C63A74E915CB}
		{75B5DD0B-6431-4BDA-BF24-DBFE614482C8} = {DBD72ED2-F491-41CA-8241-902F847D3804}
		{3F20A6FD-BBF3-4CD3-BE5A-5242AC9AEF96} = {DBD72ED2-F491-41CA-8241-902F847D3804}
		{1AD4270B-5D8D-4256-81B0-F153C96E609E} = {DBD72ED2-F491-41CA-8241-902F847D3804}
		{41485C9F-A5C3-40F6-B1C3-46393D601B69} = {DBD72ED2-F491-41CA-8241-902F847D3804}
		{3BCE460D-1430-47FF-AD97-4670C4289801} = {DBD72ED2-F491-41CA-8241-902F847D3804}
		{F5844D25-BB23-45BE-BB32-0EC22321D43F} = {DBD72ED2-F491-41CA-8241-902F847D3804}
		{5503263D-C07F-4030-A5E4-65EDBC3439D5} = {8409E719-6CB2-4F40-96D7-3C3E39F72E7B}
		{DBD72ED2-F491-41CA-8241-902F847D3804} = {8409E719-6CB2-4F40-96D7-3C3E39F72E7B}
	EndGlobalSection
	GlobalSection(ExtensibilityGlobals) = postSolution
		SolutionGuid = {F6B5D8E7-6684-4991-815B-8D03C7CF2600}
	EndGlobalSection
EndGlobal
